{
  "version": 4,
  "terraform_version": "1.14.0",
  "serial": 91,
  "lineage": "c122b562-7c5a-3152-125b-b63c4a497ce9",
  "outputs": {
    "readme_bucket_name": {
      "value": "readme-generator-output-bucket-mg481ly5",
      "type": "string"
    }
  },
  "resources": [
    {
      "mode": "data",
      "type": "archive_file",
      "name": "orchestrator_zip",
      "provider": "provider[\"registry.terraform.io/hashicorp/archive\"]",
      "instances": [
        {
          "schema_version": 0,
          "attributes": {
            "exclude_symlink_directories": null,
            "excludes": null,
            "id": "6fa86cb628c148745df0e92d1addd095fc562de7",
            "output_base64sha256": "OsobAHXAqrfwKLBjFMvEczV0+dYyEszO32Bo7IGqaqU=",
            "output_base64sha512": "TJWM7I44ZHDbIf9XN1auXgmV53bik3nJYg8xG5VxOJ5JAAv/mhLU1vr7b/tVyPvmR10Fi5aw16XKYxla7wnWsQ==",
            "output_file_mode": null,
            "output_md5": "ac79efe9a2a64458e56693548c5cf6c1",
            "output_path": "./../dist/orchestrator.zip",
            "output_sha": "6fa86cb628c148745df0e92d1addd095fc562de7",
            "output_sha256": "3aca1b0075c0aab7f028b06314cbc4733574f9d63212cccedf6068ec81aa6aa5",
            "output_sha512": "4c958cec8e386470db21ff573756ae5e0995e776e29379c9620f311b9571389e49000bff9a12d4d6fafb6ffb55c8fbe6475d058b96b0d7a5ca63195aef09d6b1",
            "output_size": 1993,
            "source": [],
            "source_content": null,
            "source_content_filename": null,
            "source_dir": "./../src/orchestrator",
            "source_file": null,
            "type": "zip"
          },
          "sensitive_attributes": [],
          "identity_schema_version": 0
        }
      ]
    },
    {
      "mode": "data",
      "type": "archive_file",
      "name": "repo_scanner_zip",
      "provider": "provider[\"registry.terraform.io/hashicorp/archive\"]",
      "instances": [
        {
          "schema_version": 0,
          "attributes": {
            "exclude_symlink_directories": null,
            "excludes": null,
            "id": "5f45db8313299637ec2d18772ad357a215930574",
            "output_base64sha256": "wooFa2HB/L4jwDzstGOxK7Sae8wjP4lKT5C56iXTU74=",
            "output_base64sha512": "205NPPottLbFSsUlEPBGH+EOUAk1dHFCZK+hyF2p5NDlPgreFG01873KTFfUDyicoiMspVnkA7Sf/ofHT0iwlw==",
            "output_file_mode": null,
            "output_md5": "1f89c9528ce1f35d9156012aab724768",
            "output_path": "./../dist/repo_scanner.zip",
            "output_sha": "5f45db8313299637ec2d18772ad357a215930574",
            "output_sha256": "c28a056b61c1fcbe23c03cecb463b12bb49a7bcc233f894a4f90b9ea25d353be",
            "output_sha512": "db4e4d3cfa2db4b6c54ac52510f0461fe10e50093574714264afa1c85da9e4d0e53e0ade146d35f3bdca4c57d40f289ca2232ca559e403b49ffe87c74f48b097",
            "output_size": 1150,
            "source": [],
            "source_content": null,
            "source_content_filename": null,
            "source_dir": "./../src/repo_scanner",
            "source_file": null,
            "type": "zip"
          },
          "sensitive_attributes": [],
          "identity_schema_version": 0
        }
      ]
    },
    {
      "mode": "managed",
      "type": "aws_bedrockagent_agent_action_group",
      "name": "repo_scanner_action_group",
      "provider": "provider[\"registry.terraform.io/hashicorp/aws\"]",
      "instances": [
        {
          "schema_version": 0,
          "attributes": {
            "action_group_executor": [
              {
                "custom_control": null,
                "lambda": "arn:aws:lambda:us-west-2:388691194728:function:RepoScannerTool"
              }
            ],
            "action_group_id": "W3RCQW4N9Q",
            "action_group_name": "ScanRepoAction",
            "action_group_state": "ENABLED",
            "agent_id": "NE0CSDQPDP",
            "agent_version": "DRAFT",
            "api_schema": [
              {
                "payload": "{\n  \"openapi\": \"3.0.0\",\n  \"info\": {\n    \"title\": \"Repository Scanner\",\n    \"version\": \"1.0.0\",\n    \"description\": \"API for scanning a Git repository and listing its files.\"\n  },\n  \"paths\": {\n    \"/scan-repo\": {\n      \"post\": {\n        \"operationId\": \"scanRepo\",\n        \"summary\": \"Scans a public Git repository and returns a list of its files.\",\n        \"description\": \"This tool takes a public GitHub repository URL, clones it, and lists all the files inside it. Use this when a user wants you to analyze a GitHub repository.\",\n        \"requestBody\": {\n          \"required\": true,\n          \"content\": {\n            \"application/json\": {\n              \"schema\": {\n                \"type\": \"object\",\n                \"properties\": {\n                  \"repo_url\": {\n                    \"type\": \"string\",\n                    \"description\": \"The full URL of the public GitHub repository to scan.\"\n                  }\n                },\n                \"required\": [\"repo_url\"]\n              }\n            }\n          }\n        },\n        \"responses\": {\n          \"200\": {\n            \"description\": \"A JSON object containing a list of file paths.\",\n            \"content\": {\n              \"application/json\": {\n                \"schema\": {\n                  \"type\": \"object\",\n                  \"properties\": {\n                    \"files\": {\n                      \"type\": \"array\",\n                      \"items\": {\n                        \"type\": \"string\"\n                      }\n                    }\n                  }\n                }\n              }\n            }\n          }\n        }\n      }\n    }\n  }\n}\n",
                "s3": []
              }
            ],
            "description": null,
            "function_schema": [],
            "id": "W3RCQW4N9Q,NE0CSDQPDP,DRAFT",
            "parent_action_group_signature": null,
            "prepare_agent": true,
            "skip_resource_in_use_check": true,
            "timeouts": null
          },
          "sensitive_attributes": [],
          "identity_schema_version": 0,
          "dependencies": [
            "aws_lambda_function.repo_scanner_lambda",
            "data.archive_file.repo_scanner_zip",
            "module.bedrock_agent_role.aws_iam_role.this",
            "module.lambda_execution_role.aws_iam_role.this",
            "module.repo_scanner_agent.aws_bedrockagent_agent.this"
          ]
        }
      ]
    },
    {
      "mode": "managed",
      "type": "aws_iam_policy",
      "name": "orchestrator_permissions",
      "provider": "provider[\"registry.terraform.io/hashicorp/aws\"]",
      "instances": [
        {
          "schema_version": 0,
          "attributes": {
            "arn": "arn:aws:iam::388691194728:policy/ReadmeGeneratorOrchestratorPolicy",
            "attachment_count": 1,
            "description": "Allows Lambda to invoke Bedrock Agents and use the S3 bucket.",
            "id": "arn:aws:iam::388691194728:policy/ReadmeGeneratorOrchestratorPolicy",
            "name": "ReadmeGeneratorOrchestratorPolicy",
            "name_prefix": "",
            "path": "/",
            "policy": "{\"Statement\":[{\"Action\":[\"bedrock:InvokeAgent\",\"bedrock-agent-runtime:InvokeAgent\"],\"Effect\":\"Allow\",\"Resource\":\"*\",\"Sid\":\"BedrockAgentInvoke\"},{\"Action\":[\"s3:GetObject\",\"s3:PutObject\",\"s3:HeadObject\"],\"Effect\":\"Allow\",\"Resource\":\"arn:aws:s3:::readme-generator-output-bucket-mg481ly5/*\",\"Sid\":\"S3BucketOperations\"}],\"Version\":\"2012-10-17\"}",
            "policy_id": "ANPAVU76M6NUMKZQSJCIW",
            "tags": {},
            "tags_all": {}
          },
          "sensitive_attributes": [],
          "identity_schema_version": 0,
          "private": "bnVsbA==",
          "dependencies": [
            "module.s3_bucket.aws_s3_bucket.this",
            "random_string.suffix"
          ]
        }
      ]
    },
    {
      "mode": "managed",
      "type": "aws_iam_role_policy_attachment",
      "name": "orchestrator_permissions_attach",
      "provider": "provider[\"registry.terraform.io/hashicorp/aws\"]",
      "instances": [
        {
          "schema_version": 0,
          "attributes": {
            "id": "ReadmeGeneratorOrchestratorExecutionRole-20260319060809720400000002",
            "policy_arn": "arn:aws:iam::388691194728:policy/ReadmeGeneratorOrchestratorPolicy",
            "role": "ReadmeGeneratorOrchestratorExecutionRole"
          },
          "sensitive_attributes": [],
          "identity_schema_version": 0,
          "private": "bnVsbA==",
          "dependencies": [
            "aws_iam_policy.orchestrator_permissions",
            "module.orchestrator_execution_role.aws_iam_role.this",
            "module.s3_bucket.aws_s3_bucket.this",
            "random_string.suffix"
          ]
        }
      ]
    },
    {
      "mode": "managed",
      "type": "aws_lambda_function",
      "name": "orchestrator_lambda",
      "provider": "provider[\"registry.terraform.io/hashicorp/aws\"]",
      "instances": [
        {
          "schema_version": 0,
          "attributes": {
            "architectures": [
              "x86_64"
            ],
            "arn": "arn:aws:lambda:us-west-2:388691194728:function:ReadmeGeneratorOrchestrator",
            "code_sha256": "OsobAHXAqrfwKLBjFMvEczV0+dYyEszO32Bo7IGqaqU=",
            "code_signing_config_arn": "",
            "dead_letter_config": [],
            "description": "",
            "environment": [
              {
                "variables": {
                  "FINAL_COMPILER_AGENT_ALIAS_ID": "TSTALIASID",
                  "FINAL_COMPILER_AGENT_ID": "ODTFJA4DKP",
                  "INSTALLATION_GUIDE_AGENT_ALIAS_ID": "TSTALIASID",
                  "INSTALLATION_GUIDE_AGENT_ID": "VXXWEHVIBC",
                  "OUTPUT_BUCKET": "readme-generator-output-bucket-mg481ly5",
                  "PROJECT_SUMMARIZER_AGENT_ALIAS_ID": "TSTALIASID",
                  "PROJECT_SUMMARIZER_AGENT_ID": "PHM7GVBXKT",
                  "REPO_SCANNER_AGENT_ALIAS_ID": "TSTALIASID",
                  "REPO_SCANNER_AGENT_ID": "NE0CSDQPDP",
                  "USAGE_EXAMPLES_AGENT_ALIAS_ID": "TSTALIASID",
                  "USAGE_EXAMPLES_AGENT_ID": "2H19BVYH2V"
                }
              }
            ],
            "ephemeral_storage": [
              {
                "size": 512
              }
            ],
            "file_system_config": [],
            "filename": "./../dist/orchestrator.zip",
            "function_name": "ReadmeGeneratorOrchestrator",
            "handler": "lambda_function.handler",
            "id": "ReadmeGeneratorOrchestrator",
            "image_config": [],
            "image_uri": "",
            "invoke_arn": "arn:aws:apigateway:us-west-2:lambda:path/2015-03-31/functions/arn:aws:lambda:us-west-2:388691194728:function:ReadmeGeneratorOrchestrator/invocations",
            "kms_key_arn": "",
            "last_modified": "2026-03-19T06:08:10.161+0000",
            "layers": null,
            "logging_config": [
              {
                "application_log_level": "",
                "log_format": "Text",
                "log_group": "/aws/lambda/ReadmeGeneratorOrchestrator",
                "system_log_level": ""
              }
            ],
            "memory_size": 128,
            "package_type": "Zip",
            "publish": false,
            "qualified_arn": "arn:aws:lambda:us-west-2:388691194728:function:ReadmeGeneratorOrchestrator:$LATEST",
            "qualified_invoke_arn": "arn:aws:apigateway:us-west-2:lambda:path/2015-03-31/functions/arn:aws:lambda:us-west-2:388691194728:function:ReadmeGeneratorOrchestrator:$LATEST/invocations",
            "replace_security_groups_on_destroy": null,
            "replacement_security_group_ids": null,
            "reserved_concurrent_executions": -1,
            "role": "arn:aws:iam::388691194728:role/ReadmeGeneratorOrchestratorExecutionRole",
            "runtime": "python3.11",
            "s3_bucket": null,
            "s3_key": null,
            "s3_object_version": null,
            "signing_job_arn": "",
            "signing_profile_version_arn": "",
            "skip_destroy": false,
            "snap_start": [],
            "source_code_hash": "OsobAHXAqrfwKLBjFMvEczV0+dYyEszO32Bo7IGqaqU=",
            "source_code_size": 1993,
            "tags": null,
            "tags_all": {},
            "timeout": 180,
            "timeouts": null,
            "tracing_config": [
              {
                "mode": "PassThrough"
              }
            ],
            "version": "$LATEST",
            "vpc_config": []
          },
          "sensitive_attributes": [],
          "identity_schema_version": 0,
          "private": "eyJlMmJmYjczMC1lY2FhLTExZTYtOGY4OC0zNDM2M2JjN2M0YzAiOnsiY3JlYXRlIjo2MDAwMDAwMDAwMDAsImRlbGV0ZSI6NjAwMDAwMDAwMDAwLCJ1cGRhdGUiOjYwMDAwMDAwMDAwMH19",
          "dependencies": [
            "data.archive_file.orchestrator_zip",
            "module.bedrock_agent_role.aws_iam_role.this",
            "module.final_compiler_agent.aws_bedrockagent_agent.this",
            "module.installation_guide_agent.aws_bedrockagent_agent.this",
            "module.orchestrator_execution_role.aws_iam_role.this",
            "module.project_summarizer_agent.aws_bedrockagent_agent.this",
            "module.repo_scanner_agent.aws_bedrockagent_agent.this",
            "module.s3_bucket.aws_s3_bucket.this",
            "module.usage_examples_agent.aws_bedrockagent_agent.this",
            "random_string.suffix"
          ]
        }
      ]
    },
    {
      "mode": "managed",
      "type": "aws_lambda_function",
      "name": "repo_scanner_lambda",
      "provider": "provider[\"registry.terraform.io/hashicorp/aws\"]",
      "instances": [
        {
          "schema_version": 0,
          "attributes": {
            "architectures": [
              "x86_64"
            ],
            "arn": "arn:aws:lambda:us-west-2:388691194728:function:RepoScannerTool",
            "code_sha256": "wooFa2HB/L4jwDzstGOxK7Sae8wjP4lKT5C56iXTU74=",
            "code_signing_config_arn": "",
            "dead_letter_config": [],
            "description": "",
            "environment": [],
            "ephemeral_storage": [
              {
                "size": 512
              }
            ],
            "file_system_config": [],
            "filename": "./../dist/repo_scanner.zip",
            "function_name": "RepoScannerTool",
            "handler": "lambda_function.handler",
            "id": "RepoScannerTool",
            "image_config": [],
            "image_uri": "",
            "invoke_arn": "arn:aws:apigateway:us-west-2:lambda:path/2015-03-31/functions/arn:aws:lambda:us-west-2:388691194728:function:RepoScannerTool/invocations",
            "kms_key_arn": "",
            "last_modified": "2026-03-18T01:26:09.775+0000",
            "layers": [
              "arn:aws:lambda:us-west-2:553035198032:layer:git-lambda2:8"
            ],
            "logging_config": [
              {
                "application_log_level": "",
                "log_format": "Text",
                "log_group": "/aws/lambda/RepoScannerTool",
                "system_log_level": ""
              }
            ],
            "memory_size": 128,
            "package_type": "Zip",
            "publish": false,
            "qualified_arn": "arn:aws:lambda:us-west-2:388691194728:function:RepoScannerTool:$LATEST",
            "qualified_invoke_arn": "arn:aws:apigateway:us-west-2:lambda:path/2015-03-31/functions/arn:aws:lambda:us-west-2:388691194728:function:RepoScannerTool:$LATEST/invocations",
            "replace_security_groups_on_destroy": null,
            "replacement_security_group_ids": null,
            "reserved_concurrent_executions": -1,
            "role": "arn:aws:iam::388691194728:role/ReadmeGeneratorLambdaExecutionRole_troy",
            "runtime": "python3.11",
            "s3_bucket": null,
            "s3_key": null,
            "s3_object_version": null,
            "signing_job_arn": "",
            "signing_profile_version_arn": "",
            "skip_destroy": false,
            "snap_start": [],
            "source_code_hash": "wooFa2HB/L4jwDzstGOxK7Sae8wjP4lKT5C56iXTU74=",
            "source_code_size": 1150,
            "tags": {},
            "tags_all": {},
            "timeout": 30,
            "timeouts": null,
            "tracing_config": [
              {
                "mode": "PassThrough"
              }
            ],
            "version": "$LATEST",
            "vpc_config": []
          },
          "sensitive_attributes": [],
          "identity_schema_version": 0,
          "private": "eyJlMmJmYjczMC1lY2FhLTExZTYtOGY4OC0zNDM2M2JjN2M0YzAiOnsiY3JlYXRlIjo2MDAwMDAwMDAwMDAsImRlbGV0ZSI6NjAwMDAwMDAwMDAwLCJ1cGRhdGUiOjYwMDAwMDAwMDAwMH19",
          "dependencies": [
            "data.archive_file.repo_scanner_zip",
            "module.lambda_execution_role.aws_iam_role.this"
          ]
        }
      ]
    },
    {
      "mode": "managed",
      "type": "aws_lambda_permission",
      "name": "allow_bedrock_to_invoke_lambda",
      "provider": "provider[\"registry.terraform.io/hashicorp/aws\"]",
      "instances": [
        {
          "schema_version": 0,
          "attributes": {
            "action": "lambda:InvokeFunction",
            "event_source_token": null,
            "function_name": "RepoScannerTool",
            "function_url_auth_type": null,
            "id": "AllowBedrockToInvokeRepoScannerLambda",
            "principal": "bedrock.amazonaws.com",
            "principal_org_id": null,
            "qualifier": "",
            "source_account": null,
            "source_arn": "arn:aws:bedrock:us-west-2:388691194728:agent/NE0CSDQPDP",
            "statement_id": "AllowBedrockToInvokeRepoScannerLambda",
            "statement_id_prefix": ""
          },
          "sensitive_attributes": [],
          "identity_schema_version": 0,
          "private": "bnVsbA==",
          "dependencies": [
            "aws_lambda_function.repo_scanner_lambda",
            "data.archive_file.repo_scanner_zip",
            "module.bedrock_agent_role.aws_iam_role.this",
            "module.lambda_execution_role.aws_iam_role.this",
            "module.repo_scanner_agent.aws_bedrockagent_agent.this"
          ]
        }
      ]
    },
    {
      "mode": "managed",
      "type": "aws_lambda_permission",
      "name": "allow_s3_to_invoke_orchestrator",
      "provider": "provider[\"registry.terraform.io/hashicorp/aws\"]",
      "instances": [
        {
          "schema_version": 0,
          "attributes": {
            "action": "lambda:InvokeFunction",
            "event_source_token": null,
            "function_name": "ReadmeGeneratorOrchestrator",
            "function_url_auth_type": null,
            "id": "AllowS3ToInvokeOrchestratorLambda",
            "principal": "s3.amazonaws.com",
            "principal_org_id": null,
            "qualifier": "",
            "source_account": null,
            "source_arn": "arn:aws:s3:::readme-generator-output-bucket-mg481ly5",
            "statement_id": "AllowS3ToInvokeOrchestratorLambda",
            "statement_id_prefix": ""
          },
          "sensitive_attributes": [],
          "identity_schema_version": 0,
          "private": "bnVsbA==",
          "dependencies": [
            "aws_lambda_function.orchestrator_lambda",
            "data.archive_file.orchestrator_zip",
            "module.bedrock_agent_role.aws_iam_role.this",
            "module.final_compiler_agent.aws_bedrockagent_agent.this",
            "module.installation_guide_agent.aws_bedrockagent_agent.this",
            "module.orchestrator_execution_role.aws_iam_role.this",
            "module.project_summarizer_agent.aws_bedrockagent_agent.this",
            "module.repo_scanner_agent.aws_bedrockagent_agent.this",
            "module.s3_bucket.aws_s3_bucket.this",
            "module.usage_examples_agent.aws_bedrockagent_agent.this",
            "random_string.suffix"
          ]
        }
      ]
    },
    {
      "mode": "managed",
      "type": "aws_s3_bucket_notification",
      "name": "bucket_notification",
      "provider": "provider[\"registry.terraform.io/hashicorp/aws\"]",
      "instances": [
        {
          "schema_version": 0,
          "attributes": {
            "bucket": "readme-generator-output-bucket-mg481ly5",
            "eventbridge": false,
            "id": "readme-generator-output-bucket-mg481ly5",
            "lambda_function": [
              {
                "events": [
                  "s3:ObjectCreated:*"
                ],
                "filter_prefix": "inputs/",
                "filter_suffix": "",
                "id": "tf-s3-lambda-20260319060816048800000003",
                "lambda_function_arn": "arn:aws:lambda:us-west-2:388691194728:function:ReadmeGeneratorOrchestrator"
              }
            ],
            "queue": [],
            "topic": []
          },
          "sensitive_attributes": [],
          "identity_schema_version": 0,
          "private": "bnVsbA==",
          "dependencies": [
            "aws_lambda_function.orchestrator_lambda",
            "aws_lambda_permission.allow_s3_to_invoke_orchestrator",
            "data.archive_file.orchestrator_zip",
            "module.bedrock_agent_role.aws_iam_role.this",
            "module.final_compiler_agent.aws_bedrockagent_agent.this",
            "module.installation_guide_agent.aws_bedrockagent_agent.this",
            "module.orchestrator_execution_role.aws_iam_role.this",
            "module.project_summarizer_agent.aws_bedrockagent_agent.this",
            "module.repo_scanner_agent.aws_bedrockagent_agent.this",
            "module.s3_bucket.aws_s3_bucket.this",
            "module.usage_examples_agent.aws_bedrockagent_agent.this",
            "random_string.suffix"
          ]
        }
      ]
    },
    {
      "mode": "managed",
      "type": "random_string",
      "name": "suffix",
      "provider": "provider[\"registry.terraform.io/hashicorp/random\"]",
      "instances": [
        {
          "schema_version": 2,
          "attributes": {
            "id": "mg481ly5",
            "keepers": null,
            "length": 8,
            "lower": true,
            "min_lower": 0,
            "min_numeric": 0,
            "min_special": 0,
            "min_upper": 0,
            "number": true,
            "numeric": true,
            "override_special": null,
            "result": "mg481ly5",
            "special": false,
            "upper": false
          },
          "sensitive_attributes": [],
          "identity_schema_version": 0
        }
      ]
    },
    {
      "module": "module.bedrock_agent_role",
      "mode": "managed",
      "type": "aws_iam_role",
      "name": "this",
      "provider": "provider[\"registry.terraform.io/hashicorp/aws\"]",
      "instances": [
        {
          "schema_version": 0,
          "attributes": {
            "arn": "arn:aws:iam::388691194728:role/ReadmeGeneratorBedrockAgentRole_troy",
            "assume_role_policy": "{\"Statement\":[{\"Action\":\"sts:AssumeRole\",\"Effect\":\"Allow\",\"Principal\":{\"Service\":[\"bedrock.amazonaws.com\"]}}],\"Version\":\"2012-10-17\"}",
            "create_date": "2026-03-18T01:25:52Z",
            "description": "",
            "force_detach_policies": false,
            "id": "ReadmeGeneratorBedrockAgentRole_troy",
            "inline_policy": [],
            "managed_policy_arns": [
              "arn:aws:iam::aws:policy/AmazonBedrockFullAccess"
            ],
            "max_session_duration": 3600,
            "name": "ReadmeGeneratorBedrockAgentRole_troy",
            "name_prefix": "",
            "path": "/",
            "permissions_boundary": "",
            "tags": {},
            "tags_all": {},
            "unique_id": "AROAVU76M6NUFRZD6MMYN"
          },
          "sensitive_attributes": [],
          "identity_schema_version": 0,
          "private": "bnVsbA=="
        }
      ]
    },
    {
      "module": "module.bedrock_agent_role",
      "mode": "managed",
      "type": "aws_iam_role_policy_attachment",
      "name": "this",
      "provider": "provider[\"registry.terraform.io/hashicorp/aws\"]",
      "instances": [
        {
          "index_key": "arn:aws:iam::aws:policy/AmazonBedrockFullAccess",
          "schema_version": 0,
          "attributes": {
            "id": "ReadmeGeneratorBedrockAgentRole_troy-20260318012552536000000005",
            "policy_arn": "arn:aws:iam::aws:policy/AmazonBedrockFullAccess",
            "role": "ReadmeGeneratorBedrockAgentRole_troy"
          },
          "sensitive_attributes": [],
          "identity_schema_version": 0,
          "private": "bnVsbA==",
          "dependencies": [
            "module.bedrock_agent_role.aws_iam_role.this"
          ]
        }
      ]
    },
    {
      "module": "module.final_compiler_agent",
      "mode": "managed",
      "type": "aws_bedrockagent_agent",
      "name": "this",
      "provider": "provider[\"registry.terraform.io/hashicorp/aws\"]",
      "instances": [
        {
          "schema_version": 0,
          "attributes": {
            "agent_arn": "arn:aws:bedrock:us-west-2:388691194728:agent/ODTFJA4DKP",
            "agent_collaboration": "DISABLED",
            "agent_id": "ODTFJA4DKP",
            "agent_name": "Final_Compiler_Agent",
            "agent_resource_role_arn": "arn:aws:iam::388691194728:role/ReadmeGeneratorBedrockAgentRole_troy",
            "agent_version": null,
            "customer_encryption_key_arn": null,
            "description": null,
            "foundation_model": "us.anthropic.claude-sonnet-4-5-20250929-v1:0",
            "guardrail_configuration": null,
            "id": "ODTFJA4DKP",
            "idle_session_ttl_in_seconds": 600,
            "instruction": "You are a technical document compiler. Your ONLY task is to take a JSON object containing different sections of a README file (project_summary, installation_guide, and usage_examples) and assemble them into a single, well-formatted Markdown document.\nUse the repository name for the main H1 header. Use H2 headers for all other sections (e.g., ## Project Summary, ## Installation, ## Usage).\nDo not add any preamble, apologies, or conversational text. Only return the pure, complete Markdown document.\n",
            "memory_configuration": null,
            "prepare_agent": true,
            "prepared_at": "2026-03-19T06:07:27Z",
            "prompt_override_configuration": [
              {
                "override_lambda": null,
                "prompt_configurations": null
              }
            ],
            "skip_resource_in_use_check": false,
            "tags": null,
            "tags_all": {},
            "timeouts": null
          },
          "sensitive_attributes": [],
          "identity_schema_version": 0,
          "dependencies": [
            "module.bedrock_agent_role.aws_iam_role.this"
          ]
        }
      ]
    },
    {
      "module": "module.installation_guide_agent",
      "mode": "managed",
      "type": "aws_bedrockagent_agent",
      "name": "this",
      "provider": "provider[\"registry.terraform.io/hashicorp/aws\"]",
      "instances": [
        {
          "schema_version": 0,
          "attributes": {
            "agent_arn": "arn:aws:bedrock:us-west-2:388691194728:agent/VXXWEHVIBC",
            "agent_collaboration": "DISABLED",
            "agent_id": "VXXWEHVIBC",
            "agent_name": "Installation_Guide_Agent",
            "agent_resource_role_arn": "arn:aws:iam::388691194728:role/ReadmeGeneratorBedrockAgentRole_troy",
            "agent_version": null,
            "customer_encryption_key_arn": null,
            "description": null,
            "foundation_model": "us.anthropic.claude-sonnet-4-5-20250929-v1:0",
            "guardrail_configuration": null,
            "id": "VXXWEHVIBC",
            "idle_session_ttl_in_seconds": 600,
            "instruction": "You are a technical writer. Your ONLY job is to scan the provided list of filenames.\nIf you see a common dependency file like 'requirements.txt', 'package.json', 'pom.xml', or 'go.mod', write a '## Getting Started' section in Markdown that includes the standard command to install dependencies for that file type.\nIf you do not see any recognizable dependency files, respond with the exact text: 'No dependency management file found.'\n",
            "memory_configuration": null,
            "prepare_agent": true,
            "prepared_at": "2026-03-19T06:07:27Z",
            "prompt_override_configuration": [
              {
                "override_lambda": null,
                "prompt_configurations": null
              }
            ],
            "skip_resource_in_use_check": false,
            "tags": null,
            "tags_all": {},
            "timeouts": null
          },
          "sensitive_attributes": [],
          "identity_schema_version": 0,
          "dependencies": [
            "module.bedrock_agent_role.aws_iam_role.this"
          ]
        }
      ]
    },
    {
      "module": "module.lambda_execution_role",
      "mode": "managed",
      "type": "aws_iam_role",
      "name": "this",
      "provider": "provider[\"registry.terraform.io/hashicorp/aws\"]",
      "instances": [
        {
          "schema_version": 0,
          "attributes": {
            "arn": "arn:aws:iam::388691194728:role/ReadmeGeneratorLambdaExecutionRole_troy",
            "assume_role_policy": "{\"Statement\":[{\"Action\":\"sts:AssumeRole\",\"Effect\":\"Allow\",\"Principal\":{\"Service\":[\"lambda.amazonaws.com\"]}}],\"Version\":\"2012-10-17\"}",
            "create_date": "2026-03-18T01:25:52Z",
            "description": "",
            "force_detach_policies": false,
            "id": "ReadmeGeneratorLambdaExecutionRole_troy",
            "inline_policy": [],
            "managed_policy_arns": [
              "arn:aws:iam::aws:policy/service-role/AWSLambdaBasicExecutionRole"
            ],
            "max_session_duration": 3600,
            "name": "ReadmeGeneratorLambdaExecutionRole_troy",
            "name_prefix": "",
            "path": "/",
            "permissions_boundary": "",
            "tags": {},
            "tags_all": {},
            "unique_id": "AROAVU76M6NUIYNZ62KEZ"
          },
          "sensitive_attributes": [],
          "identity_schema_version": 0,
          "private": "bnVsbA=="
        }
      ]
    },
    {
      "module": "module.lambda_execution_role",
      "mode": "managed",
      "type": "aws_iam_role_policy_attachment",
      "name": "this",
      "provider": "provider[\"registry.terraform.io/hashicorp/aws\"]",
      "instances": [
        {
          "index_key": "arn:aws:iam::aws:policy/service-role/AWSLambdaBasicExecutionRole",
          "schema_version": 0,
          "attributes": {
            "id": "ReadmeGeneratorLambdaExecutionRole_troy-20260318012552584700000006",
            "policy_arn": "arn:aws:iam::aws:policy/service-role/AWSLambdaBasicExecutionRole",
            "role": "ReadmeGeneratorLambdaExecutionRole_troy"
          },
          "sensitive_attributes": [],
          "identity_schema_version": 0,
          "private": "bnVsbA==",
          "dependencies": [
            "module.lambda_execution_role.aws_iam_role.this"
          ]
        }
      ]
    },
    {
      "module": "module.orchestrator_execution_role",
      "mode": "managed",
      "type": "aws_iam_role",
      "name": "this",
      "provider": "provider[\"registry.terraform.io/hashicorp/aws\"]",
      "instances": [
        {
          "schema_version": 0,
          "attributes": {
            "arn": "arn:aws:iam::388691194728:role/ReadmeGeneratorOrchestratorExecutionRole",
            "assume_role_policy": "{\"Statement\":[{\"Action\":\"sts:AssumeRole\",\"Effect\":\"Allow\",\"Principal\":{\"Service\":\"lambda.amazonaws.com\"}}],\"Version\":\"2012-10-17\"}",
            "create_date": "2025-10-10T01:43:16Z",
            "description": "",
            "force_detach_policies": false,
            "id": "ReadmeGeneratorOrchestratorExecutionRole",
            "inline_policy": [],
            "managed_policy_arns": [
              "arn:aws:iam::388691194728:policy/ReadmeGeneratorOrchestratorPolicy",
              "arn:aws:iam::aws:policy/service-role/AWSLambdaBasicExecutionRole"
            ],
            "max_session_duration": 3600,
            "name": "ReadmeGeneratorOrchestratorExecutionRole",
            "name_prefix": "",
            "path": "/",
            "permissions_boundary": "",
            "tags": {},
            "tags_all": {},
            "unique_id": "AROAVU76M6NUJYBJCI45Q"
          },
          "sensitive_attributes": [],
          "identity_schema_version": 0,
          "private": "eyJzY2hlbWFfdmVyc2lvbiI6IjAifQ=="
        }
      ]
    },
    {
      "module": "module.orchestrator_execution_role",
      "mode": "managed",
      "type": "aws_iam_role_policy_attachment",
      "name": "this",
      "provider": "provider[\"registry.terraform.io/hashicorp/aws\"]",
      "instances": [
        {
          "index_key": "arn:aws:iam::aws:policy/service-role/AWSLambdaBasicExecutionRole",
          "schema_version": 0,
          "attributes": {
            "id": "ReadmeGeneratorOrchestratorExecutionRole-20260319060809372100000001",
            "policy_arn": "arn:aws:iam::aws:policy/service-role/AWSLambdaBasicExecutionRole",
            "role": "ReadmeGeneratorOrchestratorExecutionRole"
          },
          "sensitive_attributes": [],
          "identity_schema_version": 0,
          "private": "bnVsbA==",
          "dependencies": [
            "module.orchestrator_execution_role.aws_iam_role.this"
          ]
        }
      ]
    },
    {
      "module": "module.project_summarizer_agent",
      "mode": "managed",
      "type": "aws_bedrockagent_agent",
      "name": "this",
      "provider": "provider[\"registry.terraform.io/hashicorp/aws\"]",
      "instances": [
        {
          "schema_version": 0,
          "attributes": {
            "agent_arn": "arn:aws:bedrock:us-west-2:388691194728:agent/PHM7GVBXKT",
            "agent_collaboration": "DISABLED",
            "agent_id": "PHM7GVBXKT",
            "agent_name": "Project_Summarizer_Agent",
            "agent_resource_role_arn": "arn:aws:iam::388691194728:role/ReadmeGeneratorBedrockAgentRole_troy",
            "agent_version": null,
            "customer_encryption_key_arn": null,
            "description": null,
            "foundation_model": "us.anthropic.claude-sonnet-4-5-20250929-v1:0",
            "guardrail_configuration": null,
            "id": "PHM7GVBXKT",
            "idle_session_ttl_in_seconds": 600,
            "instruction": "You are an expert software developer. Your ONLY task is to analyze the following list of filenames and write a single, concise paragraph summarizing the project's likely purpose.\nInfer the main programming language and potential frameworks from file extensions and common project file names (e.g., 'pom.xml' implies Java/Maven, 'package.json' implies Node.js).\nDo not add any preamble or extra text. Only provide the summary paragraph.\n",
            "memory_configuration": null,
            "prepare_agent": true,
            "prepared_at": "2026-03-19T06:07:27Z",
            "prompt_override_configuration": [
              {
                "override_lambda": null,
                "prompt_configurations": null
              }
            ],
            "skip_resource_in_use_check": false,
            "tags": null,
            "tags_all": {},
            "timeouts": null
          },
          "sensitive_attributes": [],
          "identity_schema_version": 0,
          "dependencies": [
            "module.bedrock_agent_role.aws_iam_role.this"
          ]
        }
      ]
    },
    {
      "module": "module.repo_scanner_agent",
      "mode": "managed",
      "type": "aws_bedrockagent_agent",
      "name": "this",
      "provider": "provider[\"registry.terraform.io/hashicorp/aws\"]",
      "instances": [
        {
          "schema_version": 0,
          "attributes": {
            "agent_arn": "arn:aws:bedrock:us-west-2:388691194728:agent/NE0CSDQPDP",
            "agent_collaboration": "DISABLED",
            "agent_id": "NE0CSDQPDP",
            "agent_name": "Repo_Scanner_Agent",
            "agent_resource_role_arn": "arn:aws:iam::388691194728:role/ReadmeGeneratorBedrockAgentRole_troy",
            "agent_version": null,
            "customer_encryption_key_arn": null,
            "description": null,
            "foundation_model": "us.anthropic.claude-sonnet-4-5-20250929-v1:0",
            "guardrail_configuration": null,
            "id": "NE0CSDQPDP",
            "idle_session_ttl_in_seconds": 600,
            "instruction": "Your job is to use the scan_repo tool to get a file list from a public GitHub URL. You are a helpful AI assistant. When a user provides a GitHub URL, you must use the available tool to scan it.",
            "memory_configuration": null,
            "prepare_agent": true,
            "prepared_at": "2026-03-19T06:07:27Z",
            "prompt_override_configuration": [
              {
                "override_lambda": null,
                "prompt_configurations": null
              }
            ],
            "skip_resource_in_use_check": false,
            "tags": null,
            "tags_all": {},
            "timeouts": null
          },
          "sensitive_attributes": [],
          "identity_schema_version": 0,
          "dependencies": [
            "module.bedrock_agent_role.aws_iam_role.this"
          ]
        }
      ]
    },
    {
      "module": "module.s3_bucket",
      "mode": "managed",
      "type": "aws_s3_bucket",
      "name": "this",
      "provider": "provider[\"registry.terraform.io/hashicorp/aws\"]",
      "instances": [
        {
          "schema_version": 0,
          "attributes": {
            "acceleration_status": "",
            "acl": null,
            "arn": "arn:aws:s3:::readme-generator-output-bucket-mg481ly5",
            "bucket": "readme-generator-output-bucket-mg481ly5",
            "bucket_domain_name": "readme-generator-output-bucket-mg481ly5.s3.amazonaws.com",
            "bucket_prefix": "",
            "bucket_regional_domain_name": "readme-generator-output-bucket-mg481ly5.s3.us-west-2.amazonaws.com",
            "cors_rule": [],
            "force_destroy": false,
            "grant": [
              {
                "id": "49562c83d471dd15f8c6ee618c77064b9bb47803fa60e09a243c8b9327ef7ebb",
                "permissions": [
                  "FULL_CONTROL"
                ],
                "type": "CanonicalUser",
                "uri": ""
              }
            ],
            "hosted_zone_id": "Z3BJ6K6RIION7M",
            "id": "readme-generator-output-bucket-mg481ly5",
            "lifecycle_rule": [],
            "logging": [],
            "object_lock_configuration": [],
            "object_lock_enabled": false,
            "policy": "",
            "region": "us-west-2",
            "replication_configuration": [],
            "request_payer": "BucketOwner",
            "server_side_encryption_configuration": [
              {
                "rule": [
                  {
                    "apply_server_side_encryption_by_default": [
                      {
                        "kms_master_key_id": "",
                        "sse_algorithm": "AES256"
                      }
                    ],
                    "bucket_key_enabled": false
                  }
                ]
              }
            ],
            "tags": {},
            "tags_all": {},
            "timeouts": null,
            "versioning": [
              {
                "enabled": false,
                "mfa_delete": false
              }
            ],
            "website": [],
            "website_domain": null,
            "website_endpoint": null
          },
          "sensitive_attributes": [],
          "identity_schema_version": 0,
          "private": "eyJlMmJmYjczMC1lY2FhLTExZTYtOGY4OC0zNDM2M2JjN2M0YzAiOnsiY3JlYXRlIjoxMjAwMDAwMDAwMDAwLCJkZWxldGUiOjM2MDAwMDAwMDAwMDAsInJlYWQiOjEyMDAwMDAwMDAwMDAsInVwZGF0ZSI6MTIwMDAwMDAwMDAwMH19",
          "dependencies": [
            "random_string.suffix"
          ]
        }
      ]
    },
    {
      "module": "module.usage_examples_agent",
      "mode": "managed",
      "type": "aws_bedrockagent_agent",
      "name": "this",
      "provider": "provider[\"registry.terraform.io/hashicorp/aws\"]",
      "instances": [
        {
          "schema_version": 0,
          "attributes": {
            "agent_arn": "arn:aws:bedrock:us-west-2:388691194728:agent/2H19BVYH2V",
            "agent_collaboration": "DISABLED",
            "agent_id": "2H19BVYH2V",
            "agent_name": "Usage_Examples_Agent",
            "agent_resource_role_arn": "arn:aws:iam::388691194728:role/ReadmeGeneratorBedrockAgentRole_troy",
            "agent_version": null,
            "customer_encryption_key_arn": null,
            "description": null,
            "foundation_model": "us.anthropic.claude-sonnet-4-5-20250929-v1:0",
            "guardrail_configuration": null,
            "id": "2H19BVYH2V",
            "idle_session_ttl_in_seconds": 600,
            "instruction": "You are a software developer. Your ONLY task is to look at the list of filenames and identify the most likely main script or entry point (e.g., 'main.py', 'index.js', 'app.py').\nWrite a '## Usage' section in Markdown that shows a common command to run the project.\nFor example, if you see 'main.py', suggest 'python main.py'.\n",
            "memory_configuration": null,
            "prepare_agent": true,
            "prepared_at": "2026-03-19T06:07:27Z",
            "prompt_override_configuration": [
              {
                "override_lambda": null,
                "prompt_configurations": null
              }
            ],
            "skip_resource_in_use_check": false,
            "tags": null,
            "tags_all": {},
            "timeouts": null
          },
          "sensitive_attributes": [],
          "identity_schema_version": 0,
          "dependencies": [
            "module.bedrock_agent_role.aws_iam_role.this"
          ]
        }
      ]
    }
  ],
  "check_results": null
}
