{
  "version": 4,
  "terraform_version": "1.14.0",
  "serial": 53,
  "lineage": "c122b562-7c5a-3152-125b-b63c4a497ce9",
  "outputs": {},
  "resources": [
    {
      "mode": "data",
      "type": "archive_file",
      "name": "repo_scanner_zip",
      "provider": "provider[\"registry.terraform.io/hashicorp/archive\"]",
      "instances": [
        {
          "schema_version": 0,
          "attributes": {
            "exclude_symlink_directories": null,
            "excludes": null,
            "id": "5f45db8313299637ec2d18772ad357a215930574",
            "output_base64sha256": "wooFa2HB/L4jwDzstGOxK7Sae8wjP4lKT5C56iXTU74=",
            "output_base64sha512": "205NPPottLbFSsUlEPBGH+EOUAk1dHFCZK+hyF2p5NDlPgreFG01873KTFfUDyicoiMspVnkA7Sf/ofHT0iwlw==",
            "output_file_mode": null,
            "output_md5": "1f89c9528ce1f35d9156012aab724768",
            "output_path": "./../dist/repo_scanner.zip",
            "output_sha": "5f45db8313299637ec2d18772ad357a215930574",
            "output_sha256": "c28a056b61c1fcbe23c03cecb463b12bb49a7bcc233f894a4f90b9ea25d353be",
            "output_sha512": "db4e4d3cfa2db4b6c54ac52510f0461fe10e50093574714264afa1c85da9e4d0e53e0ade146d35f3bdca4c57d40f289ca2232ca559e403b49ffe87c74f48b097",
            "output_size": 1150,
            "source": [],
            "source_content": null,
            "source_content_filename": null,
            "source_dir": "./../src/repo_scanner",
            "source_file": null,
            "type": "zip"
          },
          "sensitive_attributes": [],
          "identity_schema_version": 0
        }
      ]
    },
    {
      "mode": "managed",
      "type": "aws_bedrockagent_agent_action_group",
      "name": "repo_scanner_action_group",
      "provider": "provider[\"registry.terraform.io/hashicorp/aws\"]",
      "instances": [
        {
          "schema_version": 0,
          "attributes": {
            "action_group_executor": [
              {
                "custom_control": null,
                "lambda": "arn:aws:lambda:us-west-2:388691194728:function:RepoScannerTool"
              }
            ],
            "action_group_id": "OJ5WBVSPKZ",
            "action_group_name": "ScanRepoAction",
            "action_group_state": "ENABLED",
            "agent_id": "BIR39PSJHG",
            "agent_version": "DRAFT",
            "api_schema": [
              {
                "payload": "{\n  \"openapi\": \"3.0.0\",\n  \"info\": {\n    \"title\": \"Repository Scanner\",\n    \"version\": \"1.0.0\",\n    \"description\": \"API for scanning a Git repository and listing its files.\"\n  },\n  \"paths\": {\n    \"/scan-repo\": {\n      \"post\": {\n        \"operationId\": \"scanRepo\",\n        \"summary\": \"Scans a public Git repository and returns a list of its files.\",\n        \"description\": \"This tool takes a public GitHub repository URL, clones it, and lists all the files inside it. Use this when a user wants you to analyze a GitHub repository.\",\n        \"requestBody\": {\n          \"required\": true,\n          \"content\": {\n            \"application/json\": {\n              \"schema\": {\n                \"type\": \"object\",\n                \"properties\": {\n                  \"repo_url\": {\n                    \"type\": \"string\",\n                    \"description\": \"The full URL of the public GitHub repository to scan.\"\n                  }\n                },\n                \"required\": [\"repo_url\"]\n              }\n            }\n          }\n        },\n        \"responses\": {\n          \"200\": {\n            \"description\": \"A JSON object containing a list of file paths.\",\n            \"content\": {\n              \"application/json\": {\n                \"schema\": {\n                  \"type\": \"object\",\n                  \"properties\": {\n                    \"files\": {\n                      \"type\": \"array\",\n                      \"items\": {\n                        \"type\": \"string\"\n                      }\n                    }\n                  }\n                }\n              }\n            }\n          }\n        }\n      }\n    }\n  }\n}\n",
                "s3": []
              }
            ],
            "description": null,
            "function_schema": [],
            "id": "OJ5WBVSPKZ,BIR39PSJHG,DRAFT",
            "parent_action_group_signature": null,
            "prepare_agent": true,
            "skip_resource_in_use_check": false,
            "timeouts": null
          },
          "sensitive_attributes": [],
          "identity_schema_version": 0,
          "dependencies": [
            "aws_lambda_function.repo_scanner_lambda",
            "data.archive_file.repo_scanner_zip",
            "module.bedrock_agent_role.aws_iam_role.this",
            "module.lambda_execution_role.aws_iam_role.this",
            "module.repo_scanner_agent.aws_bedrockagent_agent.this"
          ]
        }
      ]
    },
    {
      "mode": "managed",
      "type": "aws_lambda_function",
      "name": "repo_scanner_lambda",
      "provider": "provider[\"registry.terraform.io/hashicorp/aws\"]",
      "instances": [
        {
          "schema_version": 0,
          "attributes": {
            "architectures": [
              "x86_64"
            ],
            "arn": "arn:aws:lambda:us-west-2:388691194728:function:RepoScannerTool",
            "code_sha256": "wooFa2HB/L4jwDzstGOxK7Sae8wjP4lKT5C56iXTU74=",
            "code_signing_config_arn": "",
            "dead_letter_config": [],
            "description": "",
            "environment": [],
            "ephemeral_storage": [
              {
                "size": 512
              }
            ],
            "file_system_config": [],
            "filename": "./../dist/repo_scanner.zip",
            "function_name": "RepoScannerTool",
            "handler": "lambda_function.handler",
            "id": "RepoScannerTool",
            "image_config": [],
            "image_uri": "",
            "invoke_arn": "arn:aws:apigateway:us-west-2:lambda:path/2015-03-31/functions/arn:aws:lambda:us-west-2:388691194728:function:RepoScannerTool/invocations",
            "kms_key_arn": "",
            "last_modified": "2026-03-17T03:28:31.169+0000",
            "layers": [
              "arn:aws:lambda:us-west-2:553035198032:layer:git-lambda2:8"
            ],
            "logging_config": [
              {
                "application_log_level": "",
                "log_format": "Text",
                "log_group": "/aws/lambda/RepoScannerTool",
                "system_log_level": ""
              }
            ],
            "memory_size": 128,
            "package_type": "Zip",
            "publish": false,
            "qualified_arn": "arn:aws:lambda:us-west-2:388691194728:function:RepoScannerTool:$LATEST",
            "qualified_invoke_arn": "arn:aws:apigateway:us-west-2:lambda:path/2015-03-31/functions/arn:aws:lambda:us-west-2:388691194728:function:RepoScannerTool:$LATEST/invocations",
            "replace_security_groups_on_destroy": null,
            "replacement_security_group_ids": null,
            "reserved_concurrent_executions": -1,
            "role": "arn:aws:iam::388691194728:role/ReadmeGeneratorLambdaExecutionRole_troy",
            "runtime": "python3.11",
            "s3_bucket": null,
            "s3_key": null,
            "s3_object_version": null,
            "signing_job_arn": "",
            "signing_profile_version_arn": "",
            "skip_destroy": false,
            "snap_start": [],
            "source_code_hash": "wooFa2HB/L4jwDzstGOxK7Sae8wjP4lKT5C56iXTU74=",
            "source_code_size": 1150,
            "tags": {},
            "tags_all": {},
            "timeout": 30,
            "timeouts": null,
            "tracing_config": [
              {
                "mode": "PassThrough"
              }
            ],
            "version": "$LATEST",
            "vpc_config": []
          },
          "sensitive_attributes": [],
          "identity_schema_version": 0,
          "private": "eyJlMmJmYjczMC1lY2FhLTExZTYtOGY4OC0zNDM2M2JjN2M0YzAiOnsiY3JlYXRlIjo2MDAwMDAwMDAwMDAsImRlbGV0ZSI6NjAwMDAwMDAwMDAwLCJ1cGRhdGUiOjYwMDAwMDAwMDAwMH19",
          "dependencies": [
            "data.archive_file.repo_scanner_zip",
            "module.lambda_execution_role.aws_iam_role.this"
          ]
        }
      ]
    },
    {
      "module": "module.bedrock_agent_role",
      "mode": "managed",
      "type": "aws_iam_role",
      "name": "this",
      "provider": "provider[\"registry.terraform.io/hashicorp/aws\"]",
      "instances": [
        {
          "schema_version": 0,
          "attributes": {
            "arn": "arn:aws:iam::388691194728:role/ReadmeGeneratorBedrockAgentRole_troy",
            "assume_role_policy": "{\"Statement\":[{\"Action\":\"sts:AssumeRole\",\"Effect\":\"Allow\",\"Principal\":{\"Service\":[\"bedrock.amazonaws.com\"]}}],\"Version\":\"2012-10-17\"}",
            "create_date": "2026-03-17T03:26:32Z",
            "description": "",
            "force_detach_policies": false,
            "id": "ReadmeGeneratorBedrockAgentRole_troy",
            "inline_policy": [],
            "managed_policy_arns": [],
            "max_session_duration": 3600,
            "name": "ReadmeGeneratorBedrockAgentRole_troy",
            "name_prefix": "",
            "path": "/",
            "permissions_boundary": "",
            "tags": {},
            "tags_all": {},
            "unique_id": "AROAVU76M6NUGISFZW75D"
          },
          "sensitive_attributes": [],
          "identity_schema_version": 0,
          "private": "bnVsbA=="
        }
      ]
    },
    {
      "module": "module.lambda_execution_role",
      "mode": "managed",
      "type": "aws_iam_role",
      "name": "this",
      "provider": "provider[\"registry.terraform.io/hashicorp/aws\"]",
      "instances": [
        {
          "schema_version": 0,
          "attributes": {
            "arn": "arn:aws:iam::388691194728:role/ReadmeGeneratorLambdaExecutionRole_troy",
            "assume_role_policy": "{\"Statement\":[{\"Action\":\"sts:AssumeRole\",\"Effect\":\"Allow\",\"Principal\":{\"Service\":[\"lambda.amazonaws.com\"]}}],\"Version\":\"2012-10-17\"}",
            "create_date": "2026-03-17T03:26:32Z",
            "description": "",
            "force_detach_policies": false,
            "id": "ReadmeGeneratorLambdaExecutionRole_troy",
            "inline_policy": [],
            "managed_policy_arns": [],
            "max_session_duration": 3600,
            "name": "ReadmeGeneratorLambdaExecutionRole_troy",
            "name_prefix": "",
            "path": "/",
            "permissions_boundary": "",
            "tags": {},
            "tags_all": {},
            "unique_id": "AROAVU76M6NUEJS4G6U4F"
          },
          "sensitive_attributes": [],
          "identity_schema_version": 0,
          "private": "bnVsbA=="
        }
      ]
    },
    {
      "module": "module.repo_scanner_agent",
      "mode": "managed",
      "type": "aws_bedrockagent_agent",
      "name": "this",
      "provider": "provider[\"registry.terraform.io/hashicorp/aws\"]",
      "instances": [
        {
          "schema_version": 0,
          "attributes": {
            "agent_arn": "arn:aws:bedrock:us-west-2:388691194728:agent/BIR39PSJHG",
            "agent_collaboration": "DISABLED",
            "agent_id": "BIR39PSJHG",
            "agent_name": "Repo_Scanner_Agent",
            "agent_resource_role_arn": "arn:aws:iam::388691194728:role/ReadmeGeneratorBedrockAgentRole_troy",
            "agent_version": null,
            "customer_encryption_key_arn": null,
            "description": null,
            "foundation_model": "us.anthropic.claude-sonnet-4-5-20250929-v1:0",
            "guardrail_configuration": null,
            "id": "BIR39PSJHG",
            "idle_session_ttl_in_seconds": 600,
            "instruction": "Your job is to use the scan_repo tool to get a file list from a public GitHub URL. You are a helpful AI assistant. When a user provides a GitHub URL, you must use the available tool to scan it.",
            "memory_configuration": null,
            "prepare_agent": true,
            "prepared_at": "2026-03-17T04:05:30Z",
            "prompt_override_configuration": [
              {
                "override_lambda": null,
                "prompt_configurations": null
              }
            ],
            "skip_resource_in_use_check": false,
            "tags": null,
            "tags_all": {},
            "timeouts": null
          },
          "sensitive_attributes": [],
          "identity_schema_version": 0,
          "dependencies": [
            "module.bedrock_agent_role.aws_iam_role.this"
          ]
        }
      ]
    }
  ],
  "check_results": null
}
